
Microsoft Visual Studio Solution File, Format Version 12.00
# Visual Studio 15
VisualStudioVersion = 15.0.27703.2042
MinimumVisualStudioVersion = 10.0.40219.1
Project("{FAE04EC0-301F-11D3-BF4B-00C04F79EFBC}") = "ExpressionFramework", "ExpressionFramework\ExpressionFramework.csproj", "{280DF6E4-7A09-436A-BDD0-1EB8781D132F}"
EndProject
Global
	GlobalSection(SolutionConfigurationPlatforms) = preSolution
		Debug|Any CPU = Debug|Any CPU
		Release|Any CPU = Release|Any CPU
	EndGlobalSection
	GlobalSection(ProjectConfigurationPlatforms) = postSolution
		{280DF6E4-7A09-436A-BDD0-1EB8781D132F}.Debug|Any CPU.ActiveCfg = Debug|Any CPU
		{280DF6E4-7A09-436A-BDD0-1EB8781D132F}.Debug|Any CPU.Build.0 = Debug|Any CPU
		{280DF6E4-7A09-436A-BDD0-1EB8781D132F}.Release|Any CPU.ActiveCfg = Release|Any CPU
		{280DF6E4-7A09-436A-BDD0-1EB8781D132F}.Release|Any CPU.Build.0 = Release|Any CPU
	EndGlobalSection
	GlobalSection(SolutionProperties) = preSolution
		HideSolutionNode = FALSE
	EndGlobalSection
	GlobalSection(ExtensibilityGlobals) = postSolution
		SolutionGuid = {84D40FB6-A2A9-4957-9730-D0EC455AE1C3}
	EndGlobalSection
EndGlobal
